%{"connection": {:hex, :connection, "1.0.2"},
  "exml": {:git, "https://github.com/paulgray/exml.git", "d04d0dfc956bd2bf5d9629a7524c6840eb02df28", []},
  "gproc": {:hex, :gproc, "0.5.0"},
  "hedwig": {:hex, :hedwig, "1.0.0-rc3"},
  "hedwig_xmpp": {:hex, :hedwig_xmpp, "1.0.0-rc2"},
  "romeo": {:hex, :romeo, "0.4.0"}}
